<?xml version="1.0" encoding="utf-8"?>
<Project ToolsVersion="4.0" xmlns="http://schemas.microsoft.com/developer/msbuild/2003">
  <ItemGroup>
    <Filter Include="Source Files">
      <UniqueIdentifier>{0598a4f3-246c-4630-8637-7906fa7602ce}</UniqueIdentifier>
    </Filter>
  </ItemGroup>
  <ItemGroup>
    <ClCompile Include="..\libmatroska\src\FileKax.cpp">
      <Filter>Source Files</Filter>
    </ClCompile>
    <ClCompile Include="..\libmatroska\src\KaxAttached.cpp">
      <Filter>Source Files</Filter>
    </ClCompile>
    <ClCompile Include="..\libmatroska\src\KaxAttachments.cpp">
      <Filter>Source Files</Filter>
    </ClCompile>
    <ClCompile Include="..\libmatroska\src\KaxBlock.cpp">
      <Filter>Source Files</Filter>
    </ClCompile>
    <ClCompile Include="..\libmatroska\src\KaxBlockData.cpp">
      <Filter>Source Files</Filter>
    </ClCompile>
    <ClCompile Include="..\libmatroska\src\KaxCluster.cpp">
      <Filter>Source Files</Filter>
    </ClCompile>
    <ClCompile Include="..\libmatroska\src\KaxContexts.cpp">
      <Filter>Source Files</Filter>
    </ClCompile>
    <ClCompile Include="..\libmatroska\src\KaxCues.cpp">
      <Filter>Source Files</Filter>
    </ClCompile>
    <ClCompile Include="..\libmatroska\src\KaxCuesData.cpp">
      <Filter>Source Files</Filter>
    </ClCompile>
    <ClCompile Include="..\libmatroska\src\KaxInfoData.cpp">
      <Filter>Source Files</Filter>
    </ClCompile>
    <ClCompile Include="..\libmatroska\src\KaxSeekHead.cpp">
      <Filter>Source Files</Filter>
    </ClCompile>
    <ClCompile Include="..\libmatroska\src\KaxSegment.cpp">
      <Filter>Source Files</Filter>
    </ClCompile>
    <ClCompile Include="..\libmatroska\src\KaxSemantic.cpp">
      <Filter>Source Files</Filter>
    </ClCompile>
    <ClCompile Include="..\libmatroska\src\KaxTracks.cpp">
      <Filter>Source Files</Filter>
    </ClCompile>
    <ClCompile Include="..\libmatroska\src\KaxVersion.cpp">
      <Filter>Source Files</Filter>
    </ClCompile>
  </ItemGroup>
</Project>